// !$*UTF8*$!
{
	archiveVersion = 1;
	classes = {
	};
	objectVersion = 55;
	objects = {

/* Begin PBXBuildFile section */
		0A03CFE158382680DA54F555 /* Pods_AlamofireExample.framework in Frameworks */ = {isa = PBXBuildFile; fileRef = 56F288694E93519ED9BEE65C /* Pods_AlamofireExample.framework */; };
		49D88F53207CFDA030537917 /* Pods_AlamofireExample_AlamofireExampleUITests.framework in Frameworks */ = {isa = PBXBuildFile; fileRef = FB4E7D8F686499A399756CDA /* Pods_AlamofireExample_AlamofireExampleUITests.framework */; };
		D03A28585CA86B1FEA1EB954 /* Pods_AlamofireExampleTests.framework in Frameworks */ = {isa = PBXBuildFile; fileRef = A54910DFFF2F5C2DCBF4BE2A /* Pods_AlamofireExampleTests.framework */; };
		E838969F285196A500E1719C /* AppDelegate.swift in Sources */ = {isa = PBXBuildFile; fileRef = E838969E285196A500E1719C /* AppDelegate.swift */; };
		E83896A1285196A500E1719C /* SceneDelegate.swift in Sources */ = {isa = PBXBuildFile; fileRef = E83896A0285196A500E1719C /* SceneDelegate.swift */; };
		E83896A3285196A500E1719C /* HomeViewController.swift in Sources */ = {isa = PBXBuildFile; fileRef = E83896A2285196A500E1719C /* HomeViewController.swift */; };
		E83896A6285196A500E1719C /* Home.storyboard in Resources */ = {isa = PBXBuildFile; fileRef = E83896A4285196A500E1719C /* Home.storyboard */; };
		E83896A8285196A700E1719C /* Assets.xcassets in Resources */ = {isa = PBXBuildFile; fileRef = E83896A7285196A700E1719C /* Assets.xcassets */; };
		E83896AB285196A700E1719C /* LaunchScreen.storyboard in Resources */ = {isa = PBXBuildFile; fileRef = E83896A9285196A700E1719C /* LaunchScreen.storyboard */; };
		E83896B6285196A700E1719C /* AlamofireExampleTests.swift in Sources */ = {isa = PBXBuildFile; fileRef = E83896B5285196A700E1719C /* AlamofireExampleTests.swift */; };
		E83896C0285196A700E1719C /* AlamofireExampleUITests.swift in Sources */ = {isa = PBXBuildFile; fileRef = E83896BF285196A700E1719C /* AlamofireExampleUITests.swift */; };
		E83896C2285196A700E1719C /* AlamofireExampleUITestsLaunchTests.swift in Sources */ = {isa = PBXBuildFile; fileRef = E83896C1285196A700E1719C /* AlamofireExampleUITestsLaunchTests.swift */; };
		E85A55E628531D4C007FB2AD /* JokeResponseDTO.swift in Sources */ = {isa = PBXBuildFile; fileRef = E85A55E528531D4C007FB2AD /* JokeResponseDTO.swift */; };
		E89126C828571AE0008B29A9 /* StubJokeRepository.swift in Sources */ = {isa = PBXBuildFile; fileRef = E89126C728571AE0008B29A9 /* StubJokeRepository.swift */; };
		E89126CA28571B5D008B29A9 /* HomeViewModelTests.swift in Sources */ = {isa = PBXBuildFile; fileRef = E89126C928571B5D008B29A9 /* HomeViewModelTests.swift */; };
		E89126CF28571C46008B29A9 /* JokeRepository.swift in Sources */ = {isa = PBXBuildFile; fileRef = E89126CE28571C46008B29A9 /* JokeRepository.swift */; };
		E89126D428571FA6008B29A9 /* JokeResponseDTO+Mock.swift in Sources */ = {isa = PBXBuildFile; fileRef = E89126D328571FA6008B29A9 /* JokeResponseDTO+Mock.swift */; };
		E8E9F7EC285646FB001CC5C8 /* Observable.swift in Sources */ = {isa = PBXBuildFile; fileRef = E8E9F7EB285646FB001CC5C8 /* Observable.swift */; };
		E8F13805285629A200725ED7 /* DefaultHomeViewModel.swift in Sources */ = {isa = PBXBuildFile; fileRef = E8F13804285629A200725ED7 /* DefaultHomeViewModel.swift */; };
		E8F1380828562D9A00725ED7 /* DefaultJokeRepository.swift in Sources */ = {isa = PBXBuildFile; fileRef = E8F1380728562D9A00725ED7 /* DefaultJokeRepository.swift */; };
/* End PBXBuildFile section */

/* Begin PBXContainerItemProxy section */
		E83896B2285196A700E1719C /* PBXContainerItemProxy */ = {
			isa = PBXContainerItemProxy;
			containerPortal = E8389693285196A500E1719C /* Project object */;
			proxyType = 1;
			remoteGlobalIDString = E838969A285196A500E1719C;
			remoteInfo = AlamofireExample;
		};
		E83896BC285196A700E1719C /* PBXContainerItemProxy */ = {
			isa = PBXContainerItemProxy;
			containerPortal = E8389693285196A500E1719C /* Project object */;
			proxyType = 1;
			remoteGlobalIDString = E838969A285196A500E1719C;
			remoteInfo = AlamofireExample;
		};
/* End PBXContainerItemProxy section */

/* Begin PBXFileReference section */
		2186186715CFEF3A8A977C7B /* Pods-AlamofireExample.debug.xcconfig */ = {isa = PBXFileReference; includeInIndex = 1; lastKnownFileType = text.xcconfig; name = "Pods-AlamofireExample.debug.xcconfig"; path = "Target Support Files/Pods-AlamofireExample/Pods-AlamofireExample.debug.xcconfig"; sourceTree = "<group>"; };
		2FF51D6781515A2E9BAA8C6F /* Pods-AlamofireExampleTests.debug.xcconfig */ = {isa = PBXFileReference; includeInIndex = 1; lastKnownFileType = text.xcconfig; name = "Pods-AlamofireExampleTests.debug.xcconfig"; path = "Target Support Files/Pods-AlamofireExampleTests/Pods-AlamofireExampleTests.debug.xcconfig"; sourceTree = "<group>"; };
		469E190B104265BEE24377AF /* Pods-AlamofireExample-AlamofireExampleUITests.debug.xcconfig */ = {isa = PBXFileReference; includeInIndex = 1; lastKnownFileType = text.xcconfig; name = "Pods-AlamofireExample-AlamofireExampleUITests.debug.xcconfig"; path = "Target Support Files/Pods-AlamofireExample-AlamofireExampleUITests/Pods-AlamofireExample-AlamofireExampleUITests.debug.xcconfig"; sourceTree = "<group>"; };
		56F288694E93519ED9BEE65C /* Pods_AlamofireExample.framework */ = {isa = PBXFileReference; explicitFileType = wrapper.framework; includeInIndex = 0; path = Pods_AlamofireExample.framework; sourceTree = BUILT_PRODUCTS_DIR; };
		6295C3719DE1DE8569FDB21A /* Pods-AlamofireExample.release.xcconfig */ = {isa = PBXFileReference; includeInIndex = 1; lastKnownFileType = text.xcconfig; name = "Pods-AlamofireExample.release.xcconfig"; path = "Target Support Files/Pods-AlamofireExample/Pods-AlamofireExample.release.xcconfig"; sourceTree = "<group>"; };
		A54910DFFF2F5C2DCBF4BE2A /* Pods_AlamofireExampleTests.framework */ = {isa = PBXFileReference; explicitFileType = wrapper.framework; includeInIndex = 0; path = Pods_AlamofireExampleTests.framework; sourceTree = BUILT_PRODUCTS_DIR; };
		E518ED375E9A059392B9C6D2 /* Pods-AlamofireExampleTests.release.xcconfig */ = {isa = PBXFileReference; includeInIndex = 1; lastKnownFileType = text.xcconfig; name = "Pods-AlamofireExampleTests.release.xcconfig"; path = "Target Support Files/Pods-AlamofireExampleTests/Pods-AlamofireExampleTests.release.xcconfig"; sourceTree = "<group>"; };
		E838969B285196A500E1719C /* AlamofireExample.app */ = {isa = PBXFileReference; explicitFileType = wrapper.application; includeInIndex = 0; path = AlamofireExample.app; sourceTree = BUILT_PRODUCTS_DIR; };
		E838969E285196A500E1719C /* AppDelegate.swift */ = {isa = PBXFileReference; lastKnownFileType = sourcecode.swift; path = AppDelegate.swift; sourceTree = "<group>"; };
		E83896A0285196A500E1719C /* SceneDelegate.swift */ = {isa = PBXFileReference; lastKnownFileType = sourcecode.swift; path = SceneDelegate.swift; sourceTree = "<group>"; };
		E83896A2285196A500E1719C /* HomeViewController.swift */ = {isa = PBXFileReference; lastKnownFileType = sourcecode.swift; path = HomeViewController.swift; sourceTree = "<group>"; };
		E83896A5285196A500E1719C /* Base */ = {isa = PBXFileReference; lastKnownFileType = file.storyboard; name = Base; path = Base.lproj/Home.storyboard; sourceTree = "<group>"; };
		E83896A7285196A700E1719C /* Assets.xcassets */ = {isa = PBXFileReference; lastKnownFileType = folder.assetcatalog; path = Assets.xcassets; sourceTree = "<group>"; };
		E83896AA285196A700E1719C /* Base */ = {isa = PBXFileReference; lastKnownFileType = file.storyboard; name = Base; path = Base.lproj/LaunchScreen.storyboard; sourceTree = "<group>"; };
		E83896B1285196A700E1719C /* AlamofireExampleTests.xctest */ = {isa = PBXFileReference; explicitFileType = wrapper.cfbundle; includeInIndex = 0; path = AlamofireExampleTests.xctest; sourceTree = BUILT_PRODUCTS_DIR; };
		E83896B5285196A700E1719C /* AlamofireExampleTests.swift */ = {isa = PBXFileReference; lastKnownFileType = sourcecode.swift; path = AlamofireExampleTests.swift; sourceTree = "<group>"; };
		E83896BB285196A700E1719C /* AlamofireExampleUITests.xctest */ = {isa = PBXFileReference; explicitFileType = wrapper.cfbundle; includeInIndex = 0; path = AlamofireExampleUITests.xctest; sourceTree = BUILT_PRODUCTS_DIR; };
		E83896BF285196A700E1719C /* AlamofireExampleUITests.swift */ = {isa = PBXFileReference; lastKnownFileType = sourcecode.swift; path = AlamofireExampleUITests.swift; sourceTree = "<group>"; };
		E83896C1285196A700E1719C /* AlamofireExampleUITestsLaunchTests.swift */ = {isa = PBXFileReference; lastKnownFileType = sourcecode.swift; path = AlamofireExampleUITestsLaunchTests.swift; sourceTree = "<group>"; };
		E85A55E528531D4C007FB2AD /* JokeResponseDTO.swift */ = {isa = PBXFileReference; lastKnownFileType = sourcecode.swift; path = JokeResponseDTO.swift; sourceTree = "<group>"; };
		E89126C728571AE0008B29A9 /* StubJokeRepository.swift */ = {isa = PBXFileReference; lastKnownFileType = sourcecode.swift; path = StubJokeRepository.swift; sourceTree = "<group>"; };
		E89126C928571B5D008B29A9 /* HomeViewModelTests.swift */ = {isa = PBXFileReference; lastKnownFileType = sourcecode.swift; path = HomeViewModelTests.swift; sourceTree = "<group>"; };
		E89126CE28571C46008B29A9 /* JokeRepository.swift */ = {isa = PBXFileReference; lastKnownFileType = sourcecode.swift; path = JokeRepository.swift; sourceTree = "<group>"; };
		E89126D328571FA6008B29A9 /* JokeResponseDTO+Mock.swift */ = {isa = PBXFileReference; lastKnownFileType = sourcecode.swift; path = "JokeResponseDTO+Mock.swift"; sourceTree = "<group>"; };
		E8E9F7E8285645C0001CC5C8 /* Info.plist */ = {isa = PBXFileReference; fileEncoding = 4; lastKnownFileType = text.plist.xml; path = Info.plist; sourceTree = "<group>"; };
		E8E9F7EB285646FB001CC5C8 /* Observable.swift */ = {isa = PBXFileReference; lastKnownFileType = sourcecode.swift; path = Observable.swift; sourceTree = "<group>"; };
		E8F13804285629A200725ED7 /* DefaultHomeViewModel.swift */ = {isa = PBXFileReference; lastKnownFileType = sourcecode.swift; path = DefaultHomeViewModel.swift; sourceTree = "<group>"; };
		E8F1380728562D9A00725ED7 /* DefaultJokeRepository.swift */ = {isa = PBXFileReference; lastKnownFileType = sourcecode.swift; path = DefaultJokeRepository.swift; sourceTree = "<group>"; };
		ED736D8BE09192BDB8FB2F7B /* Pods-AlamofireExample-AlamofireExampleUITests.release.xcconfig */ = {isa = PBXFileReference; includeInIndex = 1; lastKnownFileType = text.xcconfig; name = "Pods-AlamofireExample-AlamofireExampleUITests.release.xcconfig"; path = "Target Support Files/Pods-AlamofireExample-AlamofireExampleUITests/Pods-AlamofireExample-AlamofireExampleUITests.release.xcconfig"; sourceTree = "<group>"; };
		FB4E7D8F686499A399756CDA /* Pods_AlamofireExample_AlamofireExampleUITests.framework */ = {isa = PBXFileReference; explicitFileType = wrapper.framework; includeInIndex = 0; path = Pods_AlamofireExample_AlamofireExampleUITests.framework; sourceTree = BUILT_PRODUCTS_DIR; };
/* End PBXFileReference section */

/* Begin PBXFrameworksBuildPhase section */
		E8389698285196A500E1719C /* Frameworks */ = {
			isa = PBXFrameworksBuildPhase;
			buildActionMask = 2147483647;
			files = (
				0A03CFE158382680DA54F555 /* Pods_AlamofireExample.framework in Frameworks */,
			);
			runOnlyForDeploymentPostprocessing = 0;
		};
		E83896AE285196A700E1719C /* Frameworks */ = {
			isa = PBXFrameworksBuildPhase;
			buildActionMask = 2147483647;
			files = (
				D03A28585CA86B1FEA1EB954 /* Pods_AlamofireExampleTests.framework in Frameworks */,
			);
			runOnlyForDeploymentPostprocessing = 0;
		};
		E83896B8285196A700E1719C /* Frameworks */ = {
			isa = PBXFrameworksBuildPhase;
			buildActionMask = 2147483647;
			files = (
				49D88F53207CFDA030537917 /* Pods_AlamofireExample_AlamofireExampleUITests.framework in Frameworks */,
			);
			runOnlyForDeploymentPostprocessing = 0;
		};
/* End PBXFrameworksBuildPhase section */

/* Begin PBXGroup section */
		9247C9F1AE69F704290F80B6 /* Pods */ = {
			isa = PBXGroup;
			children = (
				2186186715CFEF3A8A977C7B /* Pods-AlamofireExample.debug.xcconfig */,
				6295C3719DE1DE8569FDB21A /* Pods-AlamofireExample.release.xcconfig */,
				469E190B104265BEE24377AF /* Pods-AlamofireExample-AlamofireExampleUITests.debug.xcconfig */,
				ED736D8BE09192BDB8FB2F7B /* Pods-AlamofireExample-AlamofireExampleUITests.release.xcconfig */,
				2FF51D6781515A2E9BAA8C6F /* Pods-AlamofireExampleTests.debug.xcconfig */,
				E518ED375E9A059392B9C6D2 /* Pods-AlamofireExampleTests.release.xcconfig */,
			);
			path = Pods;
			sourceTree = "<group>";
		};
		E31D0439BF4F878E86D636F6 /* Frameworks */ = {
			isa = PBXGroup;
			children = (
				56F288694E93519ED9BEE65C /* Pods_AlamofireExample.framework */,
				FB4E7D8F686499A399756CDA /* Pods_AlamofireExample_AlamofireExampleUITests.framework */,
				A54910DFFF2F5C2DCBF4BE2A /* Pods_AlamofireExampleTests.framework */,
			);
			name = Frameworks;
			sourceTree = "<group>";
		};
		E8389692285196A500E1719C = {
			isa = PBXGroup;
			children = (
				E838969D285196A500E1719C /* AlamofireExample */,
				E83896B4285196A700E1719C /* AlamofireExampleTests */,
				E83896BE285196A700E1719C /* AlamofireExampleUITests */,
				E838969C285196A500E1719C /* Products */,
				9247C9F1AE69F704290F80B6 /* Pods */,
				E31D0439BF4F878E86D636F6 /* Frameworks */,
			);
			sourceTree = "<group>";
		};
		E838969C285196A500E1719C /* Products */ = {
			isa = PBXGroup;
			children = (
				E838969B285196A500E1719C /* AlamofireExample.app */,
				E83896B1285196A700E1719C /* AlamofireExampleTests.xctest */,
				E83896BB285196A700E1719C /* AlamofireExampleUITests.xctest */,
			);
			name = Products;
			sourceTree = "<group>";
		};
		E838969D285196A500E1719C /* AlamofireExample */ = {
			isa = PBXGroup;
			children = (
				E85A55E8285336F9007FB2AD /* Application */,
				E85A55E92853370E007FB2AD /* Presentation */,
				E89126CB28571BEA008B29A9 /* Domain */,
				E85A55E728531D62007FB2AD /* Data */,
				E85A55EB28534D2F007FB2AD /* Resources */,
			);
			path = AlamofireExample;
			sourceTree = "<group>";
		};
		E83896B4285196A700E1719C /* AlamofireExampleTests */ = {
			isa = PBXGroup;
			children = (
				E89126C628571AB7008B29A9 /* ViewModel */,
				E89126D528571FB5008B29A9 /* Repositories */,
				E89126D228571F82008B29A9 /* DataMapping */,
				E83896B5285196A700E1719C /* AlamofireExampleTests.swift */,
			);
			path = AlamofireExampleTests;
			sourceTree = "<group>";
		};
		E83896BE285196A700E1719C /* AlamofireExampleUITests */ = {
			isa = PBXGroup;
			children = (
				E83896BF285196A700E1719C /* AlamofireExampleUITests.swift */,
				E83896C1285196A700E1719C /* AlamofireExampleUITestsLaunchTests.swift */,
			);
			path = AlamofireExampleUITests;
			sourceTree = "<group>";
		};
		E85A55E728531D62007FB2AD /* Data */ = {
			isa = PBXGroup;
			children = (
				E8F1380628562CD400725ED7 /* Repositories */,
				E8F138092856312800725ED7 /* Network */,
			);
			path = Data;
			sourceTree = "<group>";
		};
		E85A55E8285336F9007FB2AD /* Application */ = {
			isa = PBXGroup;
			children = (
				E838969E285196A500E1719C /* AppDelegate.swift */,
				E83896A0285196A500E1719C /* SceneDelegate.swift */,
			);
			path = Application;
			sourceTree = "<group>";
		};
		E85A55E92853370E007FB2AD /* Presentation */ = {
			isa = PBXGroup;
			children = (
				E85A55EA28533716007FB2AD /* HomeScene */,
				E8E9F7EA285646F1001CC5C8 /* Utils */,
			);
			path = Presentation;
			sourceTree = "<group>";
		};
		E85A55EA28533716007FB2AD /* HomeScene */ = {
			isa = PBXGroup;
			children = (
				E8F138022856297400725ED7 /* View */,
				E8F138032856297B00725ED7 /* ViewModel */,
			);
			path = HomeScene;
			sourceTree = "<group>";
		};
		E85A55EB28534D2F007FB2AD /* Resources */ = {
			isa = PBXGroup;
			children = (
				E83896A7285196A700E1719C /* Assets.xcassets */,
				E83896A9285196A700E1719C /* LaunchScreen.storyboard */,
				E8E9F7E8285645C0001CC5C8 /* Info.plist */,
			);
			path = Resources;
			sourceTree = "<group>";
		};
		E89126C628571AB7008B29A9 /* ViewModel */ = {
			isa = PBXGroup;
			children = (
				E89126C928571B5D008B29A9 /* HomeViewModelTests.swift */,
			);
			path = ViewModel;
			sourceTree = "<group>";
		};
		E89126CB28571BEA008B29A9 /* Domain */ = {
			isa = PBXGroup;
			children = (
				E89126CC28571BFA008B29A9 /* Interfaces */,
			);
			path = Domain;
			sourceTree = "<group>";
		};
		E89126CC28571BFA008B29A9 /* Interfaces */ = {
			isa = PBXGroup;
			children = (
				E89126CD28571C10008B29A9 /* Repositories */,
			);
			path = Interfaces;
			sourceTree = "<group>";
		};
		E89126CD28571C10008B29A9 /* Repositories */ = {
			isa = PBXGroup;
			children = (
				E89126CE28571C46008B29A9 /* JokeRepository.swift */,
			);
			path = Repositories;
			sourceTree = "<group>";
		};
		E89126D228571F82008B29A9 /* DataMapping */ = {
			isa = PBXGroup;
			children = (
				E89126D328571FA6008B29A9 /* JokeResponseDTO+Mock.swift */,
			);
			path = DataMapping;
			sourceTree = "<group>";
		};
		E89126D528571FB5008B29A9 /* Repositories */ = {
			isa = PBXGroup;
			children = (
				E89126C728571AE0008B29A9 /* StubJokeRepository.swift */,
			);
			path = Repositories;
			sourceTree = "<group>";
		};
		E8E9F7EA285646F1001CC5C8 /* Utils */ = {
			isa = PBXGroup;
			children = (
				E8E9F7EB285646FB001CC5C8 /* Observable.swift */,
			);
			path = Utils;
			sourceTree = "<group>";
		};
		E8F138022856297400725ED7 /* View */ = {
			isa = PBXGroup;
			children = (
				E83896A2285196A500E1719C /* HomeViewController.swift */,
				E83896A4285196A500E1719C /* Home.storyboard */,
			);
			path = View;
			sourceTree = "<group>";
		};
		E8F138032856297B00725ED7 /* ViewModel */ = {
			isa = PBXGroup;
			children = (
				E8F13804285629A200725ED7 /* DefaultHomeViewModel.swift */,
			);
			path = ViewModel;
			sourceTree = "<group>";
		};
		E8F1380628562CD400725ED7 /* Repositories */ = {
			isa = PBXGroup;
			children = (
				E8F1380728562D9A00725ED7 /* DefaultJokeRepository.swift */,
			);
			path = Repositories;
			sourceTree = "<group>";
		};
		E8F138092856312800725ED7 /* Network */ = {
			isa = PBXGroup;
			children = (
				E8F1380A2856315D00725ED7 /* DataMapping */,
			);
			path = Network;
			sourceTree = "<group>";
		};
		E8F1380A2856315D00725ED7 /* DataMapping */ = {
			isa = PBXGroup;
			children = (
				E85A55E528531D4C007FB2AD /* JokeResponseDTO.swift */,
			);
			path = DataMapping;
			sourceTree = "<group>";
		};
/* End PBXGroup section */

/* Begin PBXNativeTarget section */
		E838969A285196A500E1719C /* AlamofireExample */ = {
			isa = PBXNativeTarget;
			buildConfigurationList = E83896C5285196A700E1719C /* Build configuration list for PBXNativeTarget "AlamofireExample" */;
			buildPhases = (
				12F95BE1ABCA11870FB9F087 /* [CP] Check Pods Manifest.lock */,
				E8389697285196A500E1719C /* Sources */,
				E8389698285196A500E1719C /* Frameworks */,
				E8389699285196A500E1719C /* Resources */,
				77CAB66CAAF75E4CF26939F1 /* [CP] Embed Pods Frameworks */,
			);
			buildRules = (
			);
			dependencies = (
			);
			name = AlamofireExample;
			productName = AlamofireExample;
			productReference = E838969B285196A500E1719C /* AlamofireExample.app */;
			productType = "com.apple.product-type.application";
		};
		E83896B0285196A700E1719C /* AlamofireExampleTests */ = {
			isa = PBXNativeTarget;
			buildConfigurationList = E83896C8285196A700E1719C /* Build configuration list for PBXNativeTarget "AlamofireExampleTests" */;
			buildPhases = (
				DC0826B65CD52965486130C6 /* [CP] Check Pods Manifest.lock */,
				E83896AD285196A700E1719C /* Sources */,
				E83896AE285196A700E1719C /* Frameworks */,
				E83896AF285196A700E1719C /* Resources */,
			);
			buildRules = (
			);
			dependencies = (
				E83896B3285196A700E1719C /* PBXTargetDependency */,
			);
			name = AlamofireExampleTests;
			productName = AlamofireExampleTests;
			productReference = E83896B1285196A700E1719C /* AlamofireExampleTests.xctest */;
			productType = "com.apple.product-type.bundle.unit-test";
		};
		E83896BA285196A700E1719C /* AlamofireExampleUITests */ = {
			isa = PBXNativeTarget;
			buildConfigurationList = E83896CB285196A700E1719C /* Build configuration list for PBXNativeTarget "AlamofireExampleUITests" */;
			buildPhases = (
				713832C284E063F1F0F7A3BE /* [CP] Check Pods Manifest.lock */,
				E83896B7285196A700E1719C /* Sources */,
				E83896B8285196A700E1719C /* Frameworks */,
				E83896B9285196A700E1719C /* Resources */,
				436AF6ECBB4555E784EF61DE /* [CP] Embed Pods Frameworks */,
			);
			buildRules = (
			);
			dependencies = (
				E83896BD285196A700E1719C /* PBXTargetDependency */,
			);
			name = AlamofireExampleUITests;
			productName = AlamofireExampleUITests;
			productReference = E83896BB285196A700E1719C /* AlamofireExampleUITests.xctest */;
			productType = "com.apple.product-type.bundle.ui-testing";
		};
/* End PBXNativeTarget section */

/* Begin PBXProject section */
		E8389693285196A500E1719C /* Project object */ = {
			isa = PBXProject;
			attributes = {
				BuildIndependentTargetsInParallel = 1;
				LastSwiftUpdateCheck = 1330;
				LastUpgradeCheck = 1330;
				TargetAttributes = {
					E838969A285196A500E1719C = {
						CreatedOnToolsVersion = 13.3.1;
					};
					E83896B0285196A700E1719C = {
						CreatedOnToolsVersion = 13.3.1;
						TestTargetID = E838969A285196A500E1719C;
					};
					E83896BA285196A700E1719C = {
						CreatedOnToolsVersion = 13.3.1;
						TestTargetID = E838969A285196A500E1719C;
					};
				};
			};
			buildConfigurationList = E8389696285196A500E1719C /* Build configuration list for PBXProject "AlamofireExample" */;
			compatibilityVersion = "Xcode 13.0";
			developmentRegion = en;
			hasScannedForEncodings = 0;
			knownRegions = (
				en,
				Base,
			);
			mainGroup = E8389692285196A500E1719C;
			productRefGroup = E838969C285196A500E1719C /* Products */;
			projectDirPath = "";
			projectRoot = "";
			targets = (
				E838969A285196A500E1719C /* AlamofireExample */,
				E83896B0285196A700E1719C /* AlamofireExampleTests */,
				E83896BA285196A700E1719C /* AlamofireExampleUITests */,
			);
		};
/* End PBXProject section */

/* Begin PBXResourcesBuildPhase section */
		E8389699285196A500E1719C /* Resources */ = {
			isa = PBXResourcesBuildPhase;
			buildActionMask = 2147483647;
			files = (
				E83896AB285196A700E1719C /* LaunchScreen.storyboard in Resources */,
				E83896A8285196A700E1719C /* Assets.xcassets in Resources */,
				E83896A6285196A500E1719C /* Home.storyboard in Resources */,
			);
			runOnlyForDeploymentPostprocessing = 0;
		};
		E83896AF285196A700E1719C /* Resources */ = {
			isa = PBXResourcesBuildPhase;
			buildActionMask = 2147483647;
			files = (
			);
			runOnlyForDeploymentPostprocessing = 0;
		};
		E83896B9285196A700E1719C /* Resources */ = {
			isa = PBXResourcesBuildPhase;
			buildActionMask = 2147483647;
			files = (
			);
			runOnlyForDeploymentPostprocessing = 0;
		};
/* End PBXResourcesBuildPhase section */

/* Begin PBXShellScriptBuildPhase section */
		12F95BE1ABCA11870FB9F087 /* [CP] Check Pods Manifest.lock */ = {
			isa = PBXShellScriptBuildPhase;
			buildActionMask = 2147483647;
			files = (
			);
			inputFileListPaths = (
			);
			inputPaths = (
				"${PODS_PODFILE_DIR_PATH}/Podfile.lock",
				"${PODS_ROOT}/Manifest.lock",
			);
			name = "[CP] Check Pods Manifest.lock";
			outputFileListPaths = (
			);
			outputPaths = (
				"$(DERIVED_FILE_DIR)/Pods-AlamofireExample-checkManifestLockResult.txt",
			);
			runOnlyForDeploymentPostprocessing = 0;
			shellPath = /bin/sh;
			shellScript = "diff \"${PODS_PODFILE_DIR_PATH}/Podfile.lock\" \"${PODS_ROOT}/Manifest.lock\" > /dev/null\nif [ $? != 0 ] ; then\n    # print error to STDERR\n    echo \"error: The sandbox is not in sync with the Podfile.lock. Run 'pod install' or update your CocoaPods installation.\" >&2\n    exit 1\nfi\n# This output is used by Xcode 'outputs' to avoid re-running this script phase.\necho \"SUCCESS\" > \"${SCRIPT_OUTPUT_FILE_0}\"\n";
			showEnvVarsInLog = 0;
		};
		436AF6ECBB4555E784EF61DE /* [CP] Embed Pods Frameworks */ = {
			isa = PBXShellScriptBuildPhase;
			buildActionMask = 2147483647;
			files = (
			);
			inputFileListPaths = (
				"${PODS_ROOT}/Target Support Files/Pods-AlamofireExample-AlamofireExampleUITests/Pods-AlamofireExample-AlamofireExampleUITests-frameworks-${CONFIGURATION}-input-files.xcfilelist",
			);
			name = "[CP] Embed Pods Frameworks";
			outputFileListPaths = (
				"${PODS_ROOT}/Target Support Files/Pods-AlamofireExample-AlamofireExampleUITests/Pods-AlamofireExample-AlamofireExampleUITests-frameworks-${CONFIGURATION}-output-files.xcfilelist",
			);
			runOnlyForDeploymentPostprocessing = 0;
			shellPath = /bin/sh;
			shellScript = "\"${PODS_ROOT}/Target Support Files/Pods-AlamofireExample-AlamofireExampleUITests/Pods-AlamofireExample-AlamofireExampleUITests-frameworks.sh\"\n";
			showEnvVarsInLog = 0;
		};
		713832C284E063F1F0F7A3BE /* [CP] Check Pods Manifest.lock */ = {
			isa = PBXShellScriptBuildPhase;
			buildActionMask = 2147483647;
			files = (
			);
			inputFileListPaths = (
			);
			inputPaths = (
				"${PODS_PODFILE_DIR_PATH}/Podfile.lock",
				"${PODS_ROOT}/Manifest.lock",
			);
			name = "[CP] Check Pods Manifest.lock";
			outputFileListPaths = (
			);
			outputPaths = (
				"$(DERIVED_FILE_DIR)/Pods-AlamofireExample-AlamofireExampleUITests-checkManifestLockResult.txt",
			);
			runOnlyForDeploymentPostprocessing = 0;
			shellPath = /bin/sh;
			shellScript = "diff \"${PODS_PODFILE_DIR_PATH}/Podfile.lock\" \"${PODS_ROOT}/Manifest.lock\" > /dev/null\nif [ $? != 0 ] ; then\n    # print error to STDERR\n    echo \"error: The sandbox is not in sync with the Podfile.lock. Run 'pod install' or update your CocoaPods installation.\" >&2\n    exit 1\nfi\n# This output is used by Xcode 'outputs' to avoid re-running this script phase.\necho \"SUCCESS\" > \"${SCRIPT_OUTPUT_FILE_0}\"\n";
			showEnvVarsInLog = 0;
		};
		77CAB66CAAF75E4CF26939F1 /* [CP] Embed Pods Frameworks */ = {
			isa = PBXShellScriptBuildPhase;
			buildActionMask = 2147483647;
			files = (
			);
			inputFileListPaths = (
				"${PODS_ROOT}/Target Support Files/Pods-AlamofireExample/Pods-AlamofireExample-frameworks-${CONFIGURATION}-input-files.xcfilelist",
			);
			name = "[CP] Embed Pods Frameworks";
			outputFileListPaths = (
				"${PODS_ROOT}/Target Support Files/Pods-AlamofireExample/Pods-AlamofireExample-frameworks-${CONFIGURATION}-output-files.xcfilelist",
			);
			runOnlyForDeploymentPostprocessing = 0;
			shellPath = /bin/sh;
			shellScript = "\"${PODS_ROOT}/Target Support Files/Pods-AlamofireExample/Pods-AlamofireExample-frameworks.sh\"\n";
			showEnvVarsInLog = 0;
		};
		DC0826B65CD52965486130C6 /* [CP] Check Pods Manifest.lock */ = {
			isa = PBXShellScriptBuildPhase;
			buildActionMask = 2147483647;
			files = (
			);
			inputFileListPaths = (
			);
			inputPaths = (
				"${PODS_PODFILE_DIR_PATH}/Podfile.lock",
				"${PODS_ROOT}/Manifest.lock",
			);
			name = "[CP] Check Pods Manifest.lock";
			outputFileListPaths = (
			);
			outputPaths = (
				"$(DERIVED_FILE_DIR)/Pods-AlamofireExampleTests-checkManifestLockResult.txt",
			);
			runOnlyForDeploymentPostprocessing = 0;
			shellPath = /bin/sh;
			shellScript = "diff \"${PODS_PODFILE_DIR_PATH}/Podfile.lock\" \"${PODS_ROOT}/Manifest.lock\" > /dev/null\nif [ $? != 0 ] ; then\n    # print error to STDERR\n    echo \"error: The sandbox is not in sync with the Podfile.lock. Run 'pod install' or update your CocoaPods installation.\" >&2\n    exit 1\nfi\n# This output is used by Xcode 'outputs' to avoid re-running this script phase.\necho \"SUCCESS\" > \"${SCRIPT_OUTPUT_FILE_0}\"\n";
			showEnvVarsInLog = 0;
		};
/* End PBXShellScriptBuildPhase section */

/* Begin PBXSourcesBuildPhase section */
		E8389697285196A500E1719C /* Sources */ = {
			isa = PBXSourcesBuildPhase;
			buildActionMask = 2147483647;
			files = (
				E89126CF28571C46008B29A9 /* JokeRepository.swift in Sources */,
				E83896A3285196A500E1719C /* HomeViewController.swift in Sources */,
				E838969F285196A500E1719C /* AppDelegate.swift in Sources */,
				E83896A1285196A500E1719C /* SceneDelegate.swift in Sources */,
				E8E9F7EC285646FB001CC5C8 /* Observable.swift in Sources */,
				E8F13805285629A200725ED7 /* DefaultHomeViewModel.swift in Sources */,
				E8F1380828562D9A00725ED7 /* DefaultJokeRepository.swift in Sources */,
				E85A55E628531D4C007FB2AD /* JokeResponseDTO.swift in Sources */,
			);
			runOnlyForDeploymentPostprocessing = 0;
		};
		E83896AD285196A700E1719C /* Sources */ = {
			isa = PBXSourcesBuildPhase;
			buildActionMask = 2147483647;
			files = (
				E83896B6285196A700E1719C /* AlamofireExampleTests.swift in Sources */,
				E89126D428571FA6008B29A9 /* JokeResponseDTO+Mock.swift in Sources */,
				E89126C828571AE0008B29A9 /* StubJokeRepository.swift in Sources */,
				E89126CA28571B5D008B29A9 /* HomeViewModelTests.swift in Sources */,
			);
			runOnlyForDeploymentPostprocessing = 0;
		};
		E83896B7285196A700E1719C /* Sources */ = {
			isa = PBXSourcesBuildPhase;
			buildActionMask = 2147483647;
			files = (
				E83896C2285196A700E1719C /* AlamofireExampleUITestsLaunchTests.swift in Sources */,
				E83896C0285196A700E1719C /* AlamofireExampleUITests.swift in Sources */,
			);
			runOnlyForDeploymentPostprocessing = 0;
		};
/* End PBXSourcesBuildPhase section */

/* Begin PBXTargetDependency section */
		E83896B3285196A700E1719C /* PBXTargetDependency */ = {
			isa = PBXTargetDependency;
			target = E838969A285196A500E1719C /* AlamofireExample */;
			targetProxy = E83896B2285196A700E1719C /* PBXContainerItemProxy */;
		};
		E83896BD285196A700E1719C /* PBXTargetDependency */ = {
			isa = PBXTargetDependency;
			target = E838969A285196A500E1719C /* AlamofireExample */;
			targetProxy = E83896BC285196A700E1719C /* PBXContainerItemProxy */;
		};
/* End PBXTargetDependency section */

/* Begin PBXVariantGroup section */
		E83896A4285196A500E1719C /* Home.storyboard */ = {
			isa = PBXVariantGroup;
			children = (
				E83896A5285196A500E1719C /* Base */,
			);
			name = Home.storyboard;
			sourceTree = "<group>";
		};
		E83896A9285196A700E1719C /* LaunchScreen.storyboard */ = {
			isa = PBXVariantGroup;
			children = (
				E83896AA285196A700E1719C /* Base */,
			);
			name = LaunchScreen.storyboard;
			sourceTree = "<group>";
		};
/* End PBXVariantGroup section */

/* Begin XCBuildConfiguration section */
		E83896C3285196A700E1719C /* Debug */ = {
			isa = XCBuildConfiguration;
			buildSettings = {
				ALWAYS_SEARCH_USER_PATHS = NO;
				CLANG_ANALYZER_NONNULL = YES;
				CLANG_ANALYZER_NUMBER_OBJECT_CONVERSION = YES_AGGRESSIVE;
				CLANG_CXX_LANGUAGE_STANDARD = "gnu++17";
				CLANG_ENABLE_MODULES = YES;
				CLANG_ENABLE_OBJC_ARC = YES;
				CLANG_ENABLE_OBJC_WEAK = YES;
				CLANG_WARN_BLOCK_CAPTURE_AUTORELEASING = YES;
				CLANG_WARN_BOOL_CONVERSION = YES;
				CLANG_WARN_COMMA = YES;
				CLANG_WARN_CONSTANT_CONVERSION = YES;
				CLANG_WARN_DEPRECATED_OBJC_IMPLEMENTATIONS = YES;
				CLANG_WARN_DIRECT_OBJC_ISA_USAGE = YES_ERROR;
				CLANG_WARN_DOCUMENTATION_COMMENTS = YES;
				CLANG_WARN_EMPTY_BODY = YES;
				CLANG_WARN_ENUM_CONVERSION = YES;
				CLANG_WARN_INFINITE_RECURSION = YES;
				CLANG_WARN_INT_CONVERSION = YES;
				CLANG_WARN_NON_LITERAL_NULL_CONVERSION = YES;
				CLANG_WARN_OBJC_IMPLICIT_RETAIN_SELF = YES;
				CLANG_WARN_OBJC_LITERAL_CONVERSION = YES;
				CLANG_WARN_OBJC_ROOT_CLASS = YES_ERROR;
				CLANG_WARN_QUOTED_INCLUDE_IN_FRAMEWORK_HEADER = YES;
				CLANG_WARN_RANGE_LOOP_ANALYSIS = YES;
				CLANG_WARN_STRICT_PROTOTYPES = YES;
				CLANG_WARN_SUSPICIOUS_MOVE = YES;
				CLANG_WARN_UNGUARDED_AVAILABILITY = YES_AGGRESSIVE;
				CLANG_WARN_UNREACHABLE_CODE = YES;
				CLANG_WARN__DUPLICATE_METHOD_MATCH = YES;
				COPY_PHASE_STRIP = NO;
				DEBUG_INFORMATION_FORMAT = dwarf;
				ENABLE_STRICT_OBJC_MSGSEND = YES;
				ENABLE_TESTABILITY = YES;
				GCC_C_LANGUAGE_STANDARD = gnu11;
				GCC_DYNAMIC_NO_PIC = NO;
				GCC_NO_COMMON_BLOCKS = YES;
				GCC_OPTIMIZATION_LEVEL = 0;
				GCC_PREPROCESSOR_DEFINITIONS = (
					"DEBUG=1",
					"$(inherited)",
				);
				GCC_WARN_64_TO_32_BIT_CONVERSION = YES;
				GCC_WARN_ABOUT_RETURN_TYPE = YES_ERROR;
				GCC_WARN_UNDECLARED_SELECTOR = YES;
				GCC_WARN_UNINITIALIZED_AUTOS = YES_AGGRESSIVE;
				GCC_WARN_UNUSED_FUNCTION = YES;
				GCC_WARN_UNUSED_VARIABLE = YES;
				IPHONEOS_DEPLOYMENT_TARGET = 15.0;
				MTL_ENABLE_DEBUG_INFO = INCLUDE_SOURCE;
				MTL_FAST_MATH = YES;
				ONLY_ACTIVE_ARCH = YES;
				SDKROOT = iphoneos;
				SWIFT_ACTIVE_COMPILATION_CONDITIONS = DEBUG;
				SWIFT_OPTIMIZATION_LEVEL = "-Onone";
			};
			name = Debug;
		};
		E83896C4285196A700E1719C /* Release */ = {
			isa = XCBuildConfiguration;
			buildSettings = {
				ALWAYS_SEARCH_USER_PATHS = NO;
				CLANG_ANALYZER_NONNULL = YES;
				CLANG_ANALYZER_NUMBER_OBJECT_CONVERSION = YES_AGGRESSIVE;
				CLANG_CXX_LANGUAGE_STANDARD = "gnu++17";
				CLANG_ENABLE_MODULES = YES;
				CLANG_ENABLE_OBJC_ARC = YES;
				CLANG_ENABLE_OBJC_WEAK = YES;
				CLANG_WARN_BLOCK_CAPTURE_AUTORELEASING = YES;
				CLANG_WARN_BOOL_CONVERSION = YES;
				CLANG_WARN_COMMA = YES;
				CLANG_WARN_CONSTANT_CONVERSION = YES;
				CLANG_WARN_DEPRECATED_OBJC_IMPLEMENTATIONS = YES;
				CLANG_WARN_DIRECT_OBJC_ISA_USAGE = YES_ERROR;
				CLANG_WARN_DOCUMENTATION_COMMENTS = YES;
				CLANG_WARN_EMPTY_BODY = YES;
				CLANG_WARN_ENUM_CONVERSION = YES;
				CLANG_WARN_INFINITE_RECURSION = YES;
				CLANG_WARN_INT_CONVERSION = YES;
				CLANG_WARN_NON_LITERAL_NULL_CONVERSION = YES;
				CLANG_WARN_OBJC_IMPLICIT_RETAIN_SELF = YES;
				CLANG_WARN_OBJC_LITERAL_CONVERSION = YES;
				CLANG_WARN_OBJC_ROOT_CLASS = YES_ERROR;
				CLANG_WARN_QUOTED_INCLUDE_IN_FRAMEWORK_HEADER = YES;
				CLANG_WARN_RANGE_LOOP_ANALYSIS = YES;
				CLANG_WARN_STRICT_PROTOTYPES = YES;
				CLANG_WARN_SUSPICIOUS_MOVE = YES;
				CLANG_WARN_UNGUARDED_AVAILABILITY = YES_AGGRESSIVE;
				CLANG_WARN_UNREACHABLE_CODE = YES;
				CLANG_WARN__DUPLICATE_METHOD_MATCH = YES;
				COPY_PHASE_STRIP = NO;
				DEBUG_INFORMATION_FORMAT = "dwarf-with-dsym";
				ENABLE_NS_ASSERTIONS = NO;
				ENABLE_STRICT_OBJC_MSGSEND = YES;
				GCC_C_LANGUAGE_STANDARD = gnu11;
				GCC_NO_COMMON_BLOCKS = YES;
				GCC_WARN_64_TO_32_BIT_CONVERSION = YES;
				GCC_WARN_ABOUT_RETURN_TYPE = YES_ERROR;
				GCC_WARN_UNDECLARED_SELECTOR = YES;
				GCC_WARN_UNINITIALIZED_AUTOS = YES_AGGRESSIVE;
				GCC_WARN_UNUSED_FUNCTION = YES;
				GCC_WARN_UNUSED_VARIABLE = YES;
				IPHONEOS_DEPLOYMENT_TARGET = 15.0;
				MTL_ENABLE_DEBUG_INFO = NO;
				MTL_FAST_MATH = YES;
				SDKROOT = iphoneos;
				SWIFT_COMPILATION_MODE = wholemodule;
				SWIFT_OPTIMIZATION_LEVEL = "-O";
				VALIDATE_PRODUCT = YES;
			};
			name = Release;
		};
		E83896C6285196A700E1719C /* Debug */ = {
			isa = XCBuildConfiguration;
			baseConfigurationReference = 2186186715CFEF3A8A977C7B /* Pods-AlamofireExample.debug.xcconfig */;
			buildSettings = {
				ASSETCATALOG_COMPILER_APPICON_NAME = AppIcon;
				ASSETCATALOG_COMPILER_GLOBAL_ACCENT_COLOR_NAME = AccentColor;
				CODE_SIGN_STYLE = Automatic;
				CURRENT_PROJECT_VERSION = 1;
				DEVELOPMENT_TEAM = 2AVC8X7323;
				GENERATE_INFOPLIST_FILE = YES;
				INFOPLIST_FILE = AlamofireExample/Resources/Info.plist;
				INFOPLIST_KEY_UIApplicationSupportsIndirectInputEvents = YES;
				INFOPLIST_KEY_UILaunchStoryboardName = LaunchScreen;
				INFOPLIST_KEY_UIMainStoryboardFile = Home;
				INFOPLIST_KEY_UISupportedInterfaceOrientations = "UIInterfaceOrientationPortrait UIInterfaceOrientationLandscapeLeft UIInterfaceOrientationLandscapeRight";
				INFOPLIST_KEY_UISupportedInterfaceOrientations_iPad = "UIInterfaceOrientationPortrait UIInterfaceOrientationPortraitUpsideDown UIInterfaceOrientationLandscapeLeft UIInterfaceOrientationLandscapeRight";
				INFOPLIST_KEY_UISupportedInterfaceOrientations_iPhone = "UIInterfaceOrientationPortrait UIInterfaceOrientationLandscapeLeft UIInterfaceOrientationLandscapeRight";
				IPHONEOS_DEPLOYMENT_TARGET = 15.0;
				LD_RUNPATH_SEARCH_PATHS = (
					"$(inherited)",
					"@executable_path/Frameworks",
				);
				MARKETING_VERSION = 1.0;
				PRODUCT_BUNDLE_IDENTIFIER = woin2ee.AlamofireExample;
				PRODUCT_NAME = "$(TARGET_NAME)";
				SWIFT_EMIT_LOC_STRINGS = YES;
				SWIFT_VERSION = 5.0;
				TARGETED_DEVICE_FAMILY = "1,2";
			};
			name = Debug;
		};
		E83896C7285196A700E1719C /* Release */ = {
			isa = XCBuildConfiguration;
			baseConfigurationReference = 6295C3719DE1DE8569FDB21A /* Pods-AlamofireExample.release.xcconfig */;
			buildSettings = {
				ASSETCATALOG_COMPILER_APPICON_NAME = AppIcon;
				ASSETCATALOG_COMPILER_GLOBAL_ACCENT_COLOR_NAME = AccentColor;
				CODE_SIGN_STYLE = Automatic;
				CURRENT_PROJECT_VERSION = 1;
				DEVELOPMENT_TEAM = 2AVC8X7323;
				GENERATE_INFOPLIST_FILE = YES;
				INFOPLIST_FILE = AlamofireExample/Resources/Info.plist;
				INFOPLIST_KEY_UIApplicationSupportsIndirectInputEvents = YES;
				INFOPLIST_KEY_UILaunchStoryboardName = LaunchScreen;
				INFOPLIST_KEY_UIMainStoryboardFile = Home;
				INFOPLIST_KEY_UISupportedInterfaceOrientations = "UIInterfaceOrientationPortrait UIInterfaceOrientationLandscapeLeft UIInterfaceOrientationLandscapeRight";
				INFOPLIST_KEY_UISupportedInterfaceOrientations_iPad = "UIInterfaceOrientationPortrait UIInterfaceOrientationPortraitUpsideDown UIInterfaceOrientationLandscapeLeft UIInterfaceOrientationLandscapeRight";
				INFOPLIST_KEY_UISupportedInterfaceOrientations_iPhone = "UIInterfaceOrientationPortrait UIInterfaceOrientationLandscapeLeft UIInterfaceOrientationLandscapeRight";
				IPHONEOS_DEPLOYMENT_TARGET = 15.0;
				LD_RUNPATH_SEARCH_PATHS = (
					"$(inherited)",
					"@executable_path/Frameworks",
				);
				MARKETING_VERSION = 1.0;
				PRODUCT_BUNDLE_IDENTIFIER = woin2ee.AlamofireExample;
				PRODUCT_NAME = "$(TARGET_NAME)";
				SWIFT_EMIT_LOC_STRINGS = YES;
				SWIFT_VERSION = 5.0;
				TARGETED_DEVICE_FAMILY = "1,2";
			};
			name = Release;
		};
		E83896C9285196A700E1719C /* Debug */ = {
			isa = XCBuildConfiguration;
			baseConfigurationReference = 2FF51D6781515A2E9BAA8C6F /* Pods-AlamofireExampleTests.debug.xcconfig */;
			buildSettings = {
				ALWAYS_EMBED_SWIFT_STANDARD_LIBRARIES = YES;
				BUNDLE_LOADER = "$(TEST_HOST)";
				CODE_SIGN_STYLE = Automatic;
				CURRENT_PROJECT_VERSION = 1;
				DEVELOPMENT_TEAM = 2AVC8X7323;
				GENERATE_INFOPLIST_FILE = YES;
				IPHONEOS_DEPLOYMENT_TARGET = 15.4;
				MARKETING_VERSION = 1.0;
				PRODUCT_BUNDLE_IDENTIFIER = woin2ee.AlamofireExampleTests;
				PRODUCT_NAME = "$(TARGET_NAME)";
				SWIFT_EMIT_LOC_STRINGS = NO;
				SWIFT_VERSION = 5.0;
				TARGETED_DEVICE_FAMILY = "1,2";
				TEST_HOST = "$(BUILT_PRODUCTS_DIR)/AlamofireExample.app/AlamofireExample";
			};
			name = Debug;
		};
		E83896CA285196A700E1719C /* Release */ = {
			isa = XCBuildConfiguration;
			baseConfigurationReference = E518ED375E9A059392B9C6D2 /* Pods-AlamofireExampleTests.release.xcconfig */;
			buildSettings = {
				ALWAYS_EMBED_SWIFT_STANDARD_LIBRARIES = YES;
				BUNDLE_LOADER = "$(TEST_HOST)";
				CODE_SIGN_STYLE = Automatic;
				CURRENT_PROJECT_VERSION = 1;
				DEVELOPMENT_TEAM = 2AVC8X7323;
				GENERATE_INFOPLIST_FILE = YES;
				IPHONEOS_DEPLOYMENT_TARGET = 15.4;
				MARKETING_VERSION = 1.0;
				PRODUCT_BUNDLE_IDENTIFIER = woin2ee.AlamofireExampleTests;
				PRODUCT_NAME = "$(TARGET_NAME)";
				SWIFT_EMIT_LOC_STRINGS = NO;
				SWIFT_VERSION = 5.0;
				TARGETED_DEVICE_FAMILY = "1,2";
				TEST_HOST = "$(BUILT_PRODUCTS_DIR)/AlamofireExample.app/AlamofireExample";
			};
			name = Release;
		};
		E83896CC285196A700E1719C /* Debug */ = {
			isa = XCBuildConfiguration;
			baseConfigurationReference = 469E190B104265BEE24377AF /* Pods-AlamofireExample-AlamofireExampleUITests.debug.xcconfig */;
			buildSettings = {
				ALWAYS_EMBED_SWIFT_STANDARD_LIBRARIES = YES;
				CODE_SIGN_STYLE = Automatic;
				CURRENT_PROJECT_VERSION = 1;
				DEVELOPMENT_TEAM = 2AVC8X7323;
				GENERATE_INFOPLIST_FILE = YES;
				MARKETING_VERSION = 1.0;
				PRODUCT_BUNDLE_IDENTIFIER = woin2ee.AlamofireExampleUITests;
				PRODUCT_NAME = "$(TARGET_NAME)";
				SWIFT_EMIT_LOC_STRINGS = NO;
				SWIFT_VERSION = 5.0;
				TARGETED_DEVICE_FAMILY = "1,2";
				TEST_TARGET_NAME = AlamofireExample;
			};
			name = Debug;
		};
		E83896CD285196A700E1719C /* Release */ = {
			isa = XCBuildConfiguration;
			baseConfigurationReference = ED736D8BE09192BDB8FB2F7B /* Pods-AlamofireExample-AlamofireExampleUITests.release.xcconfig */;
			buildSettings = {
				ALWAYS_EMBED_SWIFT_STANDARD_LIBRARIES = YES;
				CODE_SIGN_STYLE = Automatic;
				CURRENT_PROJECT_VERSION = 1;
				DEVELOPMENT_TEAM = 2AVC8X7323;
				GENERATE_INFOPLIST_FILE = YES;
				MARKETING_VERSION = 1.0;
				PRODUCT_BUNDLE_IDENTIFIER = woin2ee.AlamofireExampleUITests;
				PRODUCT_NAME = "$(TARGET_NAME)";
				SWIFT_EMIT_LOC_STRINGS = NO;
				SWIFT_VERSION = 5.0;
				TARGETED_DEVICE_FAMILY = "1,2";
				TEST_TARGET_NAME = AlamofireExample;
			};
			name = Release;
		};
/* End XCBuildConfiguration section */

/* Begin XCConfigurationList section */
		E8389696285196A500E1719C /* Build configuration list for PBXProject "AlamofireExample" */ = {
			isa = XCConfigurationList;
			buildConfigurations = (
				E83896C3285196A700E1719C /* Debug */,
				E83896C4285196A700E1719C /* Release */,
			);
			defaultConfigurationIsVisible = 0;
			defaultConfigurationName = Release;
		};
		E83896C5285196A700E1719C /* Build configuration list for PBXNativeTarget "AlamofireExample" */ = {
			isa = XCConfigurationList;
			buildConfigurations = (
				E83896C6285196A700E1719C /* Debug */,
				E83896C7285196A700E1719C /* Release */,
			);
			defaultConfigurationIsVisible = 0;
			defaultConfigurationName = Release;
		};
		E83896C8285196A700E1719C /* Build configuration list for PBXNativeTarget "AlamofireExampleTests" */ = {
			isa = XCConfigurationList;
			buildConfigurations = (
				E83896C9285196A700E1719C /* Debug */,
				E83896CA285196A700E1719C /* Release */,
			);
			defaultConfigurationIsVisible = 0;
			defaultConfigurationName = Release;
		};
		E83896CB285196A700E1719C /* Build configuration list for PBXNativeTarget "AlamofireExampleUITests" */ = {
			isa = XCConfigurationList;
			buildConfigurations = (
				E83896CC285196A700E1719C /* Debug */,
				E83896CD285196A700E1719C /* Release */,
			);
			defaultConfigurationIsVisible = 0;
			defaultConfigurationName = Release;
		};
/* End XCConfigurationList section */
	};
	rootObject = E8389693285196A500E1719C /* Project object */;
}
